// !$*UTF8*$!
{
	archiveVersion = 1;
	classes = {
	};
	objectVersion = 55;
	objects = {

/* Begin PBXBuildFile section */
		8BD3F229269DC69300C2907B /* iMacApp.swift in Sources */ = {isa = PBXBuildFile; fileRef = 8BD3F228269DC69300C2907B /* iMacApp.swift */; };
		8BD3F22B269DC69300C2907B /* ContentView.swift in Sources */ = {isa = PBXBuildFile; fileRef = 8BD3F22A269DC69300C2907B /* ContentView.swift */; };
		8BD3F22D269DC69400C2907B /* Assets.xcassets in Resources */ = {isa = PBXBuildFile; fileRef = 8BD3F22C269DC69400C2907B /* Assets.xcassets */; };
		8BD3F230269DC69400C2907B /* Preview Assets.xcassets in Resources */ = {isa = PBXBuildFile; fileRef = 8BD3F22F269DC69400C2907B /* Preview Assets.xcassets */; };
		8BD3F238269DCAE000C2907B /* MacView.swift in Sources */ = {isa = PBXBuildFile; fileRef = 8BD3F237269DCAE000C2907B /* MacView.swift */; };
		8BD3F23A269DD9F000C2907B /* LeftHoles.swift in Sources */ = {isa = PBXBuildFile; fileRef = 8BD3F239269DD9F000C2907B /* LeftHoles.swift */; };
		8BD3F23C269DE8E100C2907B /* LeftPowerButton.swift in Sources */ = {isa = PBXBuildFile; fileRef = 8BD3F23B269DE8E100C2907B /* LeftPowerButton.swift */; };
		8BD3F23E269DF06100C2907B /* CirclesView.swift in Sources */ = {isa = PBXBuildFile; fileRef = 8BD3F23D269DF06100C2907B /* CirclesView.swift */; };
		8BD3F240269DF71C00C2907B /* RectangleView.swift in Sources */ = {isa = PBXBuildFile; fileRef = 8BD3F23F269DF71C00C2907B /* RectangleView.swift */; };
/* End PBXBuildFile section */

/* Begin PBXFileReference section */
		8BD3F225269DC69300C2907B /* iMac.app */ = {isa = PBXFileReference; explicitFileType = wrapper.application; includeInIndex = 0; path = iMac.app; sourceTree = BUILT_PRODUCTS_DIR; };
		8BD3F228269DC69300C2907B /* iMacApp.swift */ = {isa = PBXFileReference; lastKnownFileType = sourcecode.swift; path = iMacApp.swift; sourceTree = "<group>"; };
		8BD3F22A269DC69300C2907B /* ContentView.swift */ = {isa = PBXFileReference; lastKnownFileType = sourcecode.swift; path = ContentView.swift; sourceTree = "<group>"; };
		8BD3F22C269DC69400C2907B /* Assets.xcassets */ = {isa = PBXFileReference; lastKnownFileType = folder.assetcatalog; path = Assets.xcassets; sourceTree = "<group>"; };
		8BD3F22F269DC69400C2907B /* Preview Assets.xcassets */ = {isa = PBXFileReference; lastKnownFileType = folder.assetcatalog; path = "Preview Assets.xcassets"; sourceTree = "<group>"; };
		8BD3F237269DCAE000C2907B /* MacView.swift */ = {isa = PBXFileReference; lastKnownFileType = sourcecode.swift; path = MacView.swift; sourceTree = "<group>"; };
		8BD3F239269DD9F000C2907B /* LeftHoles.swift */ = {isa = PBXFileReference; lastKnownFileType = sourcecode.swift; path = LeftHoles.swift; sourceTree = "<group>"; };
		8BD3F23B269DE8E100C2907B /* LeftPowerButton.swift */ = {isa = PBXFileReference; lastKnownFileType = sourcecode.swift; path = LeftPowerButton.swift; sourceTree = "<group>"; };
		8BD3F23D269DF06100C2907B /* CirclesView.swift */ = {isa = PBXFileReference; lastKnownFileType = sourcecode.swift; path = CirclesView.swift; sourceTree = "<group>"; };
		8BD3F23F269DF71C00C2907B /* RectangleView.swift */ = {isa = PBXFileReference; lastKnownFileType = sourcecode.swift; path = RectangleView.swift; sourceTree = "<group>"; };
/* End PBXFileReference section */

/* Begin PBXFrameworksBuildPhase section */
		8BD3F222269DC69300C2907B /* Frameworks */ = {
			isa = PBXFrameworksBuildPhase;
			buildActionMask = 2147483647;
			files = (
			);
			runOnlyForDeploymentPostprocessing = 0;
		};
/* End PBXFrameworksBuildPhase section */

/* Begin PBXGroup section */
		8BD3F21C269DC69300C2907B = {
			isa = PBXGroup;
			children = (
				8BD3F227269DC69300C2907B /* iMac */,
				8BD3F226269DC69300C2907B /* Products */,
			);
			sourceTree = "<group>";
		};
		8BD3F226269DC69300C2907B /* Products */ = {
			isa = PBXGroup;
			children = (
				8BD3F225269DC69300C2907B /* iMac.app */,
			);
			name = Products;
			sourceTree = "<group>";
		};
		8BD3F227269DC69300C2907B /* iMac */ = {
			isa = PBXGroup;
			children = (
				8BD3F228269DC69300C2907B /* iMacApp.swift */,
				8BD3F22A269DC69300C2907B /* ContentView.swift */,
				8BD3F236269DCACE00C2907B /* Views */,
				8BD3F22C269DC69400C2907B /* Assets.xcassets */,
				8BD3F22E269DC69400C2907B /* Preview Content */,
			);
			path = iMac;
			sourceTree = "<group>";
		};
		8BD3F22E269DC69400C2907B /* Preview Content */ = {
			isa = PBXGroup;
			children = (
				8BD3F22F269DC69400C2907B /* Preview Assets.xcassets */,
			);
			path = "Preview Content";
			sourceTree = "<group>";
		};
		8BD3F236269DCACE00C2907B /* Views */ = {
			isa = PBXGroup;
			children = (
				8BD3F237269DCAE000C2907B /* MacView.swift */,
				8BD3F239269DD9F000C2907B /* LeftHoles.swift */,
				8BD3F23B269DE8E100C2907B /* LeftPowerButton.swift */,
				8BD3F23D269DF06100C2907B /* CirclesView.swift */,
				8BD3F23F269DF71C00C2907B /* RectangleView.swift */,
			);
			path = Views;
			sourceTree = "<group>";
		};
/* End PBXGroup section */

/* Begin PBXNativeTarget section */
		8BD3F224269DC69300C2907B /* iMac */ = {
			isa = PBXNativeTarget;
			buildConfigurationList = 8BD3F233269DC69400C2907B /* Build configuration list for PBXNativeTarget "iMac" */;
			buildPhases = (
				8BD3F221269DC69300C2907B /* Sources */,
				8BD3F222269DC69300C2907B /* Frameworks */,
				8BD3F223269DC69300C2907B /* Resources */,
			);
			buildRules = (
			);
			dependencies = (
			);
			name = iMac;
			productName = iMac;
			productReference = 8BD3F225269DC69300C2907B /* iMac.app */;
			productType = "com.apple.product-type.application";
		};
/* End PBXNativeTarget section */

/* Begin PBXProject section */
		8BD3F21D269DC69300C2907B /* Project object */ = {
			isa = PBXProject;
			attributes = {
				BuildIndependentTargetsInParallel = 1;
				LastSwiftUpdateCheck = 1300;
				LastUpgradeCheck = 1300;
				TargetAttributes = {
					8BD3F224269DC69300C2907B = {
						CreatedOnToolsVersion = 13.0;
					};
				};
			};
			buildConfigurationList = 8BD3F220269DC69300C2907B /* Build configuration list for PBXProject "iMac" */;
			compatibilityVersion = "Xcode 13.0";
			developmentRegion = en;
			hasScannedForEncodings = 0;
			knownRegions = (
				en,
				Base,
			);
			mainGroup = 8BD3F21C269DC69300C2907B;
			productRefGroup = 8BD3F226269DC69300C2907B /* Products */;
			projectDirPath = "";
			projectRoot = "";
			targets = (
				8BD3F224269DC69300C2907B /* iMac */,
			);
		};
/* End PBXProject section */

/* Begin PBXResourcesBuildPhase section */
		8BD3F223269DC69300C2907B /* Resources */ = {
			isa = PBXResourcesBuildPhase;
			buildActionMask = 2147483647;
			files = (
				8BD3F230269DC69400C2907B /* Preview Assets.xcassets in Resources */,
				8BD3F22D269DC69400C2907B /* Assets.xcassets in Resources */,
			);
			runOnlyForDeploymentPostprocessing = 0;
		};
/* End PBXResourcesBuildPhase section */

/* Begin PBXSourcesBuildPhase section */
		8BD3F221269DC69300C2907B /* Sources */ = {
			isa = PBXSourcesBuildPhase;
			buildActionMask = 2147483647;
			files = (
				8BD3F23C269DE8E100C2907B /* LeftPowerButton.swift in Sources */,
				8BD3F240269DF71C00C2907B /* RectangleView.swift in Sources */,
				8BD3F23A269DD9F000C2907B /* LeftHoles.swift in Sources */,
				8BD3F23E269DF06100C2907B /* CirclesView.swift in Sources */,
				8BD3F238269DCAE000C2907B /* MacView.swift in Sources */,
				8BD3F22B269DC69300C2907B /* ContentView.swift in Sources */,
				8BD3F229269DC69300C2907B /* iMacApp.swift in Sources */,
			);
			runOnlyForDeploymentPostprocessing = 0;
		};
/* End PBXSourcesBuildPhase section */

/* Begin XCBuildConfiguration section */
		8BD3F231269DC69400C2907B /* Debug */ = {
			isa = XCBuildConfiguration;
			buildSettings = {
				ALWAYS_SEARCH_USER_PATHS = NO;
				CLANG_ANALYZER_NONNULL = YES;
				CLANG_ANALYZER_NUMBER_OBJECT_CONVERSION = YES_AGGRESSIVE;
				CLANG_CXX_LANGUAGE_STANDARD = "gnu++14";
				CLANG_CXX_LIBRARY = "libc++";
				CLANG_ENABLE_MODULES = YES;
				CLANG_ENABLE_OBJC_ARC = YES;
				CLANG_ENABLE_OBJC_WEAK = YES;
				CLANG_WARN_BLOCK_CAPTURE_AUTORELEASING = YES;
				CLANG_WARN_BOOL_CONVERSION = YES;
				CLANG_WARN_COMMA = YES;
				CLANG_WARN_CONSTANT_CONVERSION = YES;
				CLANG_WARN_DEPRECATED_OBJC_IMPLEMENTATIONS = YES;
				CLANG_WARN_DIRECT_OBJC_ISA_USAGE = YES_ERROR;
				CLANG_WARN_DOCUMENTATION_COMMENTS = YES;
				CLANG_WARN_EMPTY_BODY = YES;
				CLANG_WARN_ENUM_CONVERSION = YES;
				CLANG_WARN_INFINITE_RECURSION = YES;
				CLANG_WARN_INT_CONVERSION = YES;
				CLANG_WARN_NON_LITERAL_NULL_CONVERSION = YES;
				CLANG_WARN_OBJC_IMPLICIT_RETAIN_SELF = YES;
				CLANG_WARN_OBJC_LITERAL_CONVERSION = YES;
				CLANG_WARN_OBJC_ROOT_CLASS = YES_ERROR;
				CLANG_WARN_QUOTED_INCLUDE_IN_FRAMEWORK_HEADER = YES;
				CLANG_WARN_RANGE_LOOP_ANALYSIS = YES;
				CLANG_WARN_STRICT_PROTOTYPES = YES;
				CLANG_WARN_SUSPICIOUS_MOVE = YES;
				CLANG_WARN_UNGUARDED_AVAILABILITY = YES_AGGRESSIVE;
				CLANG_WARN_UNREACHABLE_CODE = YES;
				CLANG_WARN__DUPLICATE_METHOD_MATCH = YES;
				COPY_PHASE_STRIP = NO;
				DEBUG_INFORMATION_FORMAT = dwarf;
				ENABLE_STRICT_OBJC_MSGSEND = YES;
				ENABLE_TESTABILITY = YES;
				GCC_C_LANGUAGE_STANDARD = gnu11;
				GCC_DYNAMIC_NO_PIC = NO;
				GCC_NO_COMMON_BLOCKS = YES;
				GCC_OPTIMIZATION_LEVEL = 0;
				GCC_PREPROCESSOR_DEFINITIONS = (
					"DEBUG=1",
					"$(inherited)",
				);
				GCC_WARN_64_TO_32_BIT_CONVERSION = YES;
				GCC_WARN_ABOUT_RETURN_TYPE = YES_ERROR;
				GCC_WARN_UNDECLARED_SELECTOR = YES;
				GCC_WARN_UNINITIALIZED_AUTOS = YES_AGGRESSIVE;
				GCC_WARN_UNUSED_FUNCTION = YES;
				GCC_WARN_UNUSED_VARIABLE = YES;
				IPHONEOS_DEPLOYMENT_TARGET = 15.0;
				MTL_ENABLE_DEBUG_INFO = INCLUDE_SOURCE;
				MTL_FAST_MATH = YES;
				ONLY_ACTIVE_ARCH = YES;
				SDKROOT = iphoneos;
				SWIFT_ACTIVE_COMPILATION_CONDITIONS = DEBUG;
				SWIFT_OPTIMIZATION_LEVEL = "-Onone";
			};
			name = Debug;
		};
		8BD3F232269DC69400C2907B /* Release */ = {
			isa = XCBuildConfiguration;
			buildSettings = {
				ALWAYS_SEARCH_USER_PATHS = NO;
				CLANG_ANALYZER_NONNULL = YES;
				CLANG_ANALYZER_NUMBER_OBJECT_CONVERSION = YES_AGGRESSIVE;
				CLANG_CXX_LANGUAGE_STANDARD = "gnu++14";
				CLANG_CXX_LIBRARY = "libc++";
				CLANG_ENABLE_MODULES = YES;
				CLANG_ENABLE_OBJC_ARC = YES;
				CLANG_ENABLE_OBJC_WEAK = YES;
				CLANG_WARN_BLOCK_CAPTURE_AUTORELEASING = YES;
				CLANG_WARN_BOOL_CONVERSION = YES;
				CLANG_WARN_COMMA = YES;
				CLANG_WARN_CONSTANT_CONVERSION = YES;
				CLANG_WARN_DEPRECATED_OBJC_IMPLEMENTATIONS = YES;
				CLANG_WARN_DIRECT_OBJC_ISA_USAGE = YES_ERROR;
				CLANG_WARN_DOCUMENTATION_COMMENTS = YES;
				CLANG_WARN_EMPTY_BODY = YES;
				CLANG_WARN_ENUM_CONVERSION = YES;
				CLANG_WARN_INFINITE_RECURSION = YES;
				CLANG_WARN_INT_CONVERSION = YES;
				CLANG_WARN_NON_LITERAL_NULL_CONVERSION = YES;
				CLANG_WARN_OBJC_IMPLICIT_RETAIN_SELF = YES;
				CLANG_WARN_OBJC_LITERAL_CONVERSION = YES;
				CLANG_WARN_OBJC_ROOT_CLASS = YES_ERROR;
				CLANG_WARN_QUOTED_INCLUDE_IN_FRAMEWORK_HEADER = YES;
				CLANG_WARN_RANGE_LOOP_ANALYSIS = YES;
				CLANG_WARN_STRICT_PROTOTYPES = YES;
				CLANG_WARN_SUSPICIOUS_MOVE = YES;
				CLANG_WARN_UNGUARDED_AVAILABILITY = YES_AGGRESSIVE;
				CLANG_WARN_UNREACHABLE_CODE = YES;
				CLANG_WARN__DUPLICATE_METHOD_MATCH = YES;
				COPY_PHASE_STRIP = NO;
				DEBUG_INFORMATION_FORMAT = "dwarf-with-dsym";
				ENABLE_NS_ASSERTIONS = NO;
				ENABLE_STRICT_OBJC_MSGSEND = YES;
				GCC_C_LANGUAGE_STANDARD = gnu11;
				GCC_NO_COMMON_BLOCKS = YES;
				GCC_WARN_64_TO_32_BIT_CONVERSION = YES;
				GCC_WARN_ABOUT_RETURN_TYPE = YES_ERROR;
				GCC_WARN_UNDECLARED_SELECTOR = YES;
				GCC_WARN_UNINITIALIZED_AUTOS = YES_AGGRESSIVE;
				GCC_WARN_UNUSED_FUNCTION = YES;
				GCC_WARN_UNUSED_VARIABLE = YES;
				IPHONEOS_DEPLOYMENT_TARGET = 15.0;
				MTL_ENABLE_DEBUG_INFO = NO;
				MTL_FAST_MATH = YES;
				SDKROOT = iphoneos;
				SWIFT_COMPILATION_MODE = wholemodule;
				SWIFT_OPTIMIZATION_LEVEL = "-O";
				VALIDATE_PRODUCT = YES;
			};
			name = Release;
		};
		8BD3F234269DC69400C2907B /* Debug */ = {
			isa = XCBuildConfiguration;
			buildSettings = {
				ASSETCATALOG_COMPILER_APPICON_NAME = AppIcon;
				ASSETCATALOG_COMPILER_GLOBAL_ACCENT_COLOR_NAME = AccentColor;
				CODE_SIGN_STYLE = Automatic;
				CURRENT_PROJECT_VERSION = 1;
				DEVELOPMENT_ASSET_PATHS = "\"iMac/Preview Content\"";
				ENABLE_PREVIEWS = YES;
				GENERATE_INFOPLIST_FILE = YES;
				INFOPLIST_KEY_UIApplicationSceneManifest_Generation = YES;
				INFOPLIST_KEY_UIApplicationSupportsIndirectInputEvents = YES;
				INFOPLIST_KEY_UILaunchScreen_Generation = YES;
				INFOPLIST_KEY_UISupportedInterfaceOrientations_iPad = "UIInterfaceOrientationPortrait UIInterfaceOrientationPortraitUpsideDown UIInterfaceOrientationLandscapeLeft UIInterfaceOrientationLandscapeRight";
				INFOPLIST_KEY_UISupportedInterfaceOrientations_iPhone = "UIInterfaceOrientationPortrait UIInterfaceOrientationLandscapeLeft UIInterfaceOrientationLandscapeRight";
				IPHONEOS_DEPLOYMENT_TARGET = 14.0;
				LD_RUNPATH_SEARCH_PATHS = (
					"$(inherited)",
					"@executable_path/Frameworks",
				);
				MARKETING_VERSION = 1.0;
				PRODUCT_BUNDLE_IDENTIFIER = com.andrejkling.iMac;
				PRODUCT_NAME = "$(TARGET_NAME)";
				SWIFT_EMIT_LOC_STRINGS = YES;
				SWIFT_VERSION = 5.0;
				TARGETED_DEVICE_FAMILY = "1,2";
			};
			name = Debug;
		};
		8BD3F235269DC69400C2907B /* Release */ = {
			isa = XCBuildConfiguration;
			buildSettings = {
				ASSETCATALOG_COMPILER_APPICON_NAME = AppIcon;
				ASSETCATALOG_COMPILER_GLOBAL_ACCENT_COLOR_NAME = AccentColor;
				CODE_SIGN_STYLE = Automatic;
				CURRENT_PROJECT_VERSION = 1;
				DEVELOPMENT_ASSET_PATHS = "\"iMac/Preview Content\"";
				ENABLE_PREVIEWS = YES;
				GENERATE_INFOPLIST_FILE = YES;
				INFOPLIST_KEY_UIApplicationSceneManifest_Generation = YES;
				INFOPLIST_KEY_UIApplicationSupportsIndirectInputEvents = YES;
				INFOPLIST_KEY_UILaunchScreen_Generation = YES;
				INFOPLIST_KEY_UISupportedInterfaceOrientations_iPad = "UIInterfaceOrientationPortrait UIInterfaceOrientationPortraitUpsideDown UIInterfaceOrientationLandscapeLeft UIInterfaceOrientationLandscapeRight";
				INFOPLIST_KEY_UISupportedInterfaceOrientations_iPhone = "UIInterfaceOrientationPortrait UIInterfaceOrientationLandscapeLeft UIInterfaceOrientationLandscapeRight";
				IPHONEOS_DEPLOYMENT_TARGET = 14.0;
				LD_RUNPATH_SEARCH_PATHS = (
					"$(inherited)",
					"@executable_path/Frameworks",
				);
				MARKETING_VERSION = 1.0;
				PRODUCT_BUNDLE_IDENTIFIER = com.andrejkling.iMac;
				PRODUCT_NAME = "$(TARGET_NAME)";
				SWIFT_EMIT_LOC_STRINGS = YES;
				SWIFT_VERSION = 5.0;
				TARGETED_DEVICE_FAMILY = "1,2";
			};
			name = Release;
		};
/* End XCBuildConfiguration section */

/* Begin XCConfigurationList section */
		8BD3F220269DC69300C2907B /* Build configuration list for PBXProject "iMac" */ = {
			isa = XCConfigurationList;
			buildConfigurations = (
				8BD3F231269DC69400C2907B /* Debug */,
				8BD3F232269DC69400C2907B /* Release */,
			);
			defaultConfigurationIsVisible = 0;
			defaultConfigurationName = Release;
		};
		8BD3F233269DC69400C2907B /* Build configuration list for PBXNativeTarget "iMac" */ = {
			isa = XCConfigurationList;
			buildConfigurations = (
				8BD3F234269DC69400C2907B /* Debug */,
				8BD3F235269DC69400C2907B /* Release */,
			);
			defaultConfigurationIsVisible = 0;
			defaultConfigurationName = Release;
		};
/* End XCConfigurationList section */
	};
	rootObject = 8BD3F21D269DC69300C2907B /* Project object */;
}
